name: Generate Cargo.lock

on:
  push:
    branches: [main]
    paths:
      - .github/workflows/generate-cargo-lock.yml

permissions:
  contents: write

jobs:
  lockfile:
    runs-on: ubuntu-latest
    steps:
      - name: Checkout
        uses: actions/checkout@v4

      - name: Install Rust 1.74
        uses: dtolnay/rust-toolchain@1.74.0

      - name: Generate lockfile
        run: cargo generate-lockfile

      - name: Commit Cargo.lock
        run: |
          git add Cargo.lock
          if git diff --cached --quiet; then
            exit 0
          fi
          git config user.name "github-actions[bot]"
          git config user.email "41898282+github-actions[bot]@users.noreply.github.com"
          git commit -m "build: commit Cargo.lock for reproducible builds"
          git push
